// !$*UTF8*$!
{
	archiveVersion = 1;
	classes = {
	};
	objectVersion = 77;
	objects = {

/* Begin PBXBuildFile section */
		B064D8752E30A402006373A1 /* Swinject in Frameworks */ = {isa = PBXBuildFile; productRef = B064D8742E30A402006373A1 /* Swinject */; };
/* End PBXBuildFile section */

/* Begin PBXContainerItemProxy section */
		B064D87E2E30A464006373A1 /* PBXContainerItemProxy */ = {
			isa = PBXContainerItemProxy;
			containerPortal = B064D84E2E309E34006373A1 /* Project object */;
			proxyType = 1;
			remoteGlobalIDString = B064D8552E309E34006373A1;
			remoteInfo = CoolblueAssignment;
		};
		B064D9122E32593F006373A1 /* PBXContainerItemProxy */ = {
			isa = PBXContainerItemProxy;
			containerPortal = B064D84E2E309E34006373A1 /* Project object */;
			proxyType = 1;
			remoteGlobalIDString = B064D8552E309E34006373A1;
			remoteInfo = CoolblueAssignment;
		};
/* End PBXContainerItemProxy section */

/* Begin PBXFileReference section */
		B064D8562E309E34006373A1 /* CoolblueAssignment.app */ = {isa = PBXFileReference; explicitFileType = wrapper.application; includeInIndex = 0; path = CoolblueAssignment.app; sourceTree = BUILT_PRODUCTS_DIR; };
		B064D87A2E30A464006373A1 /* CoolblueAssignmentTests.xctest */ = {isa = PBXFileReference; explicitFileType = wrapper.cfbundle; includeInIndex = 0; path = CoolblueAssignmentTests.xctest; sourceTree = BUILT_PRODUCTS_DIR; };
		B064D90C2E32593F006373A1 /* CoolblueAssignmentUITests.xctest */ = {isa = PBXFileReference; explicitFileType = wrapper.cfbundle; includeInIndex = 0; path = CoolblueAssignmentUITests.xctest; sourceTree = BUILT_PRODUCTS_DIR; };
/* End PBXFileReference section */

/* Begin PBXFileSystemSynchronizedRootGroup section */
		B064D8582E309E34006373A1 /* CoolblueAssignment */ = {
			isa = PBXFileSystemSynchronizedRootGroup;
			path = CoolblueAssignment;
			sourceTree = "<group>";
		};
		B064D87B2E30A464006373A1 /* CoolblueAssignmentTests */ = {
			isa = PBXFileSystemSynchronizedRootGroup;
			path = CoolblueAssignmentTests;
			sourceTree = "<group>";
		};
		B064D90D2E32593F006373A1 /* CoolblueAssignmentUITests */ = {
			isa = PBXFileSystemSynchronizedRootGroup;
			path = CoolblueAssignmentUITests;
			sourceTree = "<group>";
		};
/* End PBXFileSystemSynchronizedRootGroup section */

/* Begin PBXFrameworksBuildPhase section */
		B064D8532E309E34006373A1 /* Frameworks */ = {
			isa = PBXFrameworksBuildPhase;
			buildActionMask = 2147483647;
			files = (
				B064D8752E30A402006373A1 /* Swinject in Frameworks */,
			);
			runOnlyForDeploymentPostprocessing = 0;
		};
		B064D8772E30A464006373A1 /* Frameworks */ = {
			isa = PBXFrameworksBuildPhase;
			buildActionMask = 2147483647;
			files = (
			);
			runOnlyForDeploymentPostprocessing = 0;
		};
		B064D9092E32593F006373A1 /* Frameworks */ = {
			isa = PBXFrameworksBuildPhase;
			buildActionMask = 2147483647;
			files = (
			);
			runOnlyForDeploymentPostprocessing = 0;
		};
/* End PBXFrameworksBuildPhase section */

/* Begin PBXGroup section */
		B064D84D2E309E34006373A1 = {
			isa = PBXGroup;
			children = (
				B064D8582E309E34006373A1 /* CoolblueAssignment */,
				B064D87B2E30A464006373A1 /* CoolblueAssignmentTests */,
				B064D90D2E32593F006373A1 /* CoolblueAssignmentUITests */,
				B064D8572E309E34006373A1 /* Products */,
			);
			sourceTree = "<group>";
		};
		B064D8572E309E34006373A1 /* Products */ = {
			isa = PBXGroup;
			children = (
				B064D8562E309E34006373A1 /* CoolblueAssignment.app */,
				B064D87A2E30A464006373A1 /* CoolblueAssignmentTests.xctest */,
				B064D90C2E32593F006373A1 /* CoolblueAssignmentUITests.xctest */,
			);
			name = Products;
			sourceTree = "<group>";
		};
/* End PBXGroup section */

/* Begin PBXNativeTarget section */
		B064D8552E309E34006373A1 /* CoolblueAssignment */ = {
			isa = PBXNativeTarget;
			buildConfigurationList = B064D8612E309E36006373A1 /* Build configuration list for PBXNativeTarget "CoolblueAssignment" */;
			buildPhases = (
				B064D8522E309E34006373A1 /* Sources */,
				B064D8532E309E34006373A1 /* Frameworks */,
				B064D8542E309E34006373A1 /* Resources */,
			);
			buildRules = (
			);
			dependencies = (
			);
			fileSystemSynchronizedGroups = (
				B064D8582E309E34006373A1 /* CoolblueAssignment */,
			);
			name = CoolblueAssignment;
			packageProductDependencies = (
				B064D8742E30A402006373A1 /* Swinject */,
			);
			productName = CoolblueAssignment;
			productReference = B064D8562E309E34006373A1 /* CoolblueAssignment.app */;
			productType = "com.apple.product-type.application";
		};
		B064D8792E30A464006373A1 /* CoolblueAssignmentTests */ = {
			isa = PBXNativeTarget;
			buildConfigurationList = B064D8802E30A464006373A1 /* Build configuration list for PBXNativeTarget "CoolblueAssignmentTests" */;
			buildPhases = (
				B064D8762E30A464006373A1 /* Sources */,
				B064D8772E30A464006373A1 /* Frameworks */,
				B064D8782E30A464006373A1 /* Resources */,
			);
			buildRules = (
			);
			dependencies = (
				B064D87F2E30A464006373A1 /* PBXTargetDependency */,
			);
			fileSystemSynchronizedGroups = (
				B064D87B2E30A464006373A1 /* CoolblueAssignmentTests */,
			);
			name = CoolblueAssignmentTests;
			packageProductDependencies = (
			);
			productName = CoolblueAssignmentTests;
			productReference = B064D87A2E30A464006373A1 /* CoolblueAssignmentTests.xctest */;
			productType = "com.apple.product-type.bundle.unit-test";
		};
		B064D90B2E32593F006373A1 /* CoolblueAssignmentUITests */ = {
			isa = PBXNativeTarget;
			buildConfigurationList = B064D9142E32593F006373A1 /* Build configuration list for PBXNativeTarget "CoolblueAssignmentUITests" */;
			buildPhases = (
				B064D9082E32593F006373A1 /* Sources */,
				B064D9092E32593F006373A1 /* Frameworks */,
				B064D90A2E32593F006373A1 /* Resources */,
			);
			buildRules = (
			);
			dependencies = (
				B064D9132E32593F006373A1 /* PBXTargetDependency */,
			);
			fileSystemSynchronizedGroups = (
				B064D90D2E32593F006373A1 /* CoolblueAssignmentUITests */,
			);
			name = CoolblueAssignmentUITests;
			packageProductDependencies = (
			);
			productName = CoolblueAssignmentUITests;
			productReference = B064D90C2E32593F006373A1 /* CoolblueAssignmentUITests.xctest */;
			productType = "com.apple.product-type.bundle.ui-testing";
		};
/* End PBXNativeTarget section */

/* Begin PBXProject section */
		B064D84E2E309E34006373A1 /* Project object */ = {
			isa = PBXProject;
			attributes = {
				BuildIndependentTargetsInParallel = 1;
				LastSwiftUpdateCheck = 1640;
				LastUpgradeCheck = 1640;
				TargetAttributes = {
					B064D8552E309E34006373A1 = {
						CreatedOnToolsVersion = 16.4;
					};
					B064D8792E30A464006373A1 = {
						CreatedOnToolsVersion = 16.4;
						TestTargetID = B064D8552E309E34006373A1;
					};
					B064D90B2E32593F006373A1 = {
						CreatedOnToolsVersion = 16.4;
						TestTargetID = B064D8552E309E34006373A1;
					};
				};
			};
			buildConfigurationList = B064D8512E309E34006373A1 /* Build configuration list for PBXProject "CoolblueAssignment" */;
			developmentRegion = en;
			hasScannedForEncodings = 0;
			knownRegions = (
				en,
				Base,
			);
			mainGroup = B064D84D2E309E34006373A1;
			minimizedProjectReferenceProxies = 1;
			packageReferences = (
				B064D8732E30A402006373A1 /* XCRemoteSwiftPackageReference "Swinject" */,
			);
			preferredProjectObjectVersion = 77;
			productRefGroup = B064D8572E309E34006373A1 /* Products */;
			projectDirPath = "";
			projectRoot = "";
			targets = (
				B064D8552E309E34006373A1 /* CoolblueAssignment */,
				B064D8792E30A464006373A1 /* CoolblueAssignmentTests */,
				B064D90B2E32593F006373A1 /* CoolblueAssignmentUITests */,
			);
		};
/* End PBXProject section */

/* Begin PBXResourcesBuildPhase section */
		B064D8542E309E34006373A1 /* Resources */ = {
			isa = PBXResourcesBuildPhase;
			buildActionMask = 2147483647;
			files = (
			);
			runOnlyForDeploymentPostprocessing = 0;
		};
		B064D8782E30A464006373A1 /* Resources */ = {
			isa = PBXResourcesBuildPhase;
			buildActionMask = 2147483647;
			files = (
			);
			runOnlyForDeploymentPostprocessing = 0;
		};
		B064D90A2E32593F006373A1 /* Resources */ = {
			isa = PBXResourcesBuildPhase;
			buildActionMask = 2147483647;
			files = (
			);
			runOnlyForDeploymentPostprocessing = 0;
		};
/* End PBXResourcesBuildPhase section */

/* Begin PBXSourcesBuildPhase section */
		B064D8522E309E34006373A1 /* Sources */ = {
			isa = PBXSourcesBuildPhase;
			buildActionMask = 2147483647;
			files = (
			);
			runOnlyForDeploymentPostprocessing = 0;
		};
		B064D8762E30A464006373A1 /* Sources */ = {
			isa = PBXSourcesBuildPhase;
			buildActionMask = 2147483647;
			files = (
			);
			runOnlyForDeploymentPostprocessing = 0;
		};
		B064D9082E32593F006373A1 /* Sources */ = {
			isa = PBXSourcesBuildPhase;
			buildActionMask = 2147483647;
			files = (
			);
			runOnlyForDeploymentPostprocessing = 0;
		};
/* End PBXSourcesBuildPhase section */

/* Begin PBXTargetDependency section */
		B064D87F2E30A464006373A1 /* PBXTargetDependency */ = {
			isa = PBXTargetDependency;
			target = B064D8552E309E34006373A1 /* CoolblueAssignment */;
			targetProxy = B064D87E2E30A464006373A1 /* PBXContainerItemProxy */;
		};
		B064D9132E32593F006373A1 /* PBXTargetDependency */ = {
			isa = PBXTargetDependency;
			target = B064D8552E309E34006373A1 /* CoolblueAssignment */;
			targetProxy = B064D9122E32593F006373A1 /* PBXContainerItemProxy */;
		};
/* End PBXTargetDependency section */

/* Begin XCBuildConfiguration section */
		B064D85F2E309E36006373A1 /* Debug */ = {
			isa = XCBuildConfiguration;
			buildSettings = {
				ALWAYS_SEARCH_USER_PATHS = NO;
				ASSETCATALOG_COMPILER_GENERATE_SWIFT_ASSET_SYMBOL_EXTENSIONS = YES;
				CLANG_ANALYZER_NONNULL = YES;
				CLANG_ANALYZER_NUMBER_OBJECT_CONVERSION = YES_AGGRESSIVE;
				CLANG_CXX_LANGUAGE_STANDARD = "gnu++20";
				CLANG_ENABLE_MODULES = YES;
				CLANG_ENABLE_OBJC_ARC = YES;
				CLANG_ENABLE_OBJC_WEAK = YES;
				CLANG_WARN_BLOCK_CAPTURE_AUTORELEASING = YES;
				CLANG_WARN_BOOL_CONVERSION = YES;
				CLANG_WARN_COMMA = YES;
				CLANG_WARN_CONSTANT_CONVERSION = YES;
				CLANG_WARN_DEPRECATED_OBJC_IMPLEMENTATIONS = YES;
				CLANG_WARN_DIRECT_OBJC_ISA_USAGE = YES_ERROR;
				CLANG_WARN_DOCUMENTATION_COMMENTS = YES;
				CLANG_WARN_EMPTY_BODY = YES;
				CLANG_WARN_ENUM_CONVERSION = YES;
				CLANG_WARN_INFINITE_RECURSION = YES;
				CLANG_WARN_INT_CONVERSION = YES;
				CLANG_WARN_NON_LITERAL_NULL_CONVERSION = YES;
				CLANG_WARN_OBJC_IMPLICIT_RETAIN_SELF = YES;
				CLANG_WARN_OBJC_LITERAL_CONVERSION = YES;
				CLANG_WARN_OBJC_ROOT_CLASS = YES_ERROR;
				CLANG_WARN_QUOTED_INCLUDE_IN_FRAMEWORK_HEADER = YES;
				CLANG_WARN_RANGE_LOOP_ANALYSIS = YES;
				CLANG_WARN_STRICT_PROTOTYPES = YES;
				CLANG_WARN_SUSPICIOUS_MOVE = YES;
				CLANG_WARN_UNGUARDED_AVAILABILITY = YES_AGGRESSIVE;
				CLANG_WARN_UNREACHABLE_CODE = YES;
				CLANG_WARN__DUPLICATE_METHOD_MATCH = YES;
				COPY_PHASE_STRIP = NO;
				DEBUG_INFORMATION_FORMAT = dwarf;
				ENABLE_STRICT_OBJC_MSGSEND = YES;
				ENABLE_TESTABILITY = YES;
				ENABLE_USER_SCRIPT_SANDBOXING = YES;
				GCC_C_LANGUAGE_STANDARD = gnu17;
				GCC_DYNAMIC_NO_PIC = NO;
				GCC_NO_COMMON_BLOCKS = YES;
				GCC_OPTIMIZATION_LEVEL = 0;
				GCC_PREPROCESSOR_DEFINITIONS = (
					"DEBUG=1",
					"$(inherited)",
				);
				GCC_WARN_64_TO_32_BIT_CONVERSION = YES;
				GCC_WARN_ABOUT_RETURN_TYPE = YES_ERROR;
				GCC_WARN_UNDECLARED_SELECTOR = YES;
				GCC_WARN_UNINITIALIZED_AUTOS = YES_AGGRESSIVE;
				GCC_WARN_UNUSED_FUNCTION = YES;
				GCC_WARN_UNUSED_VARIABLE = YES;
				IPHONEOS_DEPLOYMENT_TARGET = 18.5;
				LOCALIZATION_PREFERS_STRING_CATALOGS = YES;
				MTL_ENABLE_DEBUG_INFO = INCLUDE_SOURCE;
				MTL_FAST_MATH = YES;
				ONLY_ACTIVE_ARCH = YES;
				SDKROOT = iphoneos;
				SWIFT_ACTIVE_COMPILATION_CONDITIONS = "DEBUG $(inherited)";
				SWIFT_OPTIMIZATION_LEVEL = "-Onone";
			};
			name = Debug;
		};
		B064D8602E309E36006373A1 /* Release */ = {
			isa = XCBuildConfiguration;
			buildSettings = {
				ALWAYS_SEARCH_USER_PATHS = NO;
				ASSETCATALOG_COMPILER_GENERATE_SWIFT_ASSET_SYMBOL_EXTENSIONS = YES;
				CLANG_ANALYZER_NONNULL = YES;
				CLANG_ANALYZER_NUMBER_OBJECT_CONVERSION = YES_AGGRESSIVE;
				CLANG_CXX_LANGUAGE_STANDARD = "gnu++20";
				CLANG_ENABLE_MODULES = YES;
				CLANG_ENABLE_OBJC_ARC = YES;
				CLANG_ENABLE_OBJC_WEAK = YES;
				CLANG_WARN_BLOCK_CAPTURE_AUTORELEASING = YES;
				CLANG_WARN_BOOL_CONVERSION = YES;
				CLANG_WARN_COMMA = YES;
				CLANG_WARN_CONSTANT_CONVERSION = YES;
				CLANG_WARN_DEPRECATED_OBJC_IMPLEMENTATIONS = YES;
				CLANG_WARN_DIRECT_OBJC_ISA_USAGE = YES_ERROR;
				CLANG_WARN_DOCUMENTATION_COMMENTS = YES;
				CLANG_WARN_EMPTY_BODY = YES;
				CLANG_WARN_ENUM_CONVERSION = YES;
				CLANG_WARN_INFINITE_RECURSION = YES;
				CLANG_WARN_INT_CONVERSION = YES;
				CLANG_WARN_NON_LITERAL_NULL_CONVERSION = YES;
				CLANG_WARN_OBJC_IMPLICIT_RETAIN_SELF = YES;
				CLANG_WARN_OBJC_LITERAL_CONVERSION = YES;
				CLANG_WARN_OBJC_ROOT_CLASS = YES_ERROR;
				CLANG_WARN_QUOTED_INCLUDE_IN_FRAMEWORK_HEADER = YES;
				CLANG_WARN_RANGE_LOOP_ANALYSIS = YES;
				CLANG_WARN_STRICT_PROTOTYPES = YES;
				CLANG_WARN_SUSPICIOUS_MOVE = YES;
				CLANG_WARN_UNGUARDED_AVAILABILITY = YES_AGGRESSIVE;
				CLANG_WARN_UNREACHABLE_CODE = YES;
				CLANG_WARN__DUPLICATE_METHOD_MATCH = YES;
				COPY_PHASE_STRIP = NO;
				DEBUG_INFORMATION_FORMAT = "dwarf-with-dsym";
				ENABLE_NS_ASSERTIONS = NO;
				ENABLE_STRICT_OBJC_MSGSEND = YES;
				ENABLE_USER_SCRIPT_SANDBOXING = YES;
				GCC_C_LANGUAGE_STANDARD = gnu17;
				GCC_NO_COMMON_BLOCKS = YES;
				GCC_WARN_64_TO_32_BIT_CONVERSION = YES;
				GCC_WARN_ABOUT_RETURN_TYPE = YES_ERROR;
				GCC_WARN_UNDECLARED_SELECTOR = YES;
				GCC_WARN_UNINITIALIZED_AUTOS = YES_AGGRESSIVE;
				GCC_WARN_UNUSED_FUNCTION = YES;
				GCC_WARN_UNUSED_VARIABLE = YES;
				IPHONEOS_DEPLOYMENT_TARGET = 18.5;
				LOCALIZATION_PREFERS_STRING_CATALOGS = YES;
				MTL_ENABLE_DEBUG_INFO = NO;
				MTL_FAST_MATH = YES;
				SDKROOT = iphoneos;
				SWIFT_COMPILATION_MODE = wholemodule;
				VALIDATE_PRODUCT = YES;
			};
			name = Release;
		};
		B064D8622E309E36006373A1 /* Debug */ = {
			isa = XCBuildConfiguration;
			buildSettings = {
				ASSETCATALOG_COMPILER_APPICON_NAME = AppIcon;
				ASSETCATALOG_COMPILER_GLOBAL_ACCENT_COLOR_NAME = AccentColor;
				CODE_SIGN_STYLE = Automatic;
				CURRENT_PROJECT_VERSION = 1;
				ENABLE_PREVIEWS = YES;
				GENERATE_INFOPLIST_FILE = YES;
				INFOPLIST_KEY_UIApplicationSceneManifest_Generation = YES;
				INFOPLIST_KEY_UIApplicationSupportsIndirectInputEvents = YES;
				INFOPLIST_KEY_UILaunchScreen_Generation = YES;
				INFOPLIST_KEY_UISupportedInterfaceOrientations_iPad = "UIInterfaceOrientationPortrait UIInterfaceOrientationPortraitUpsideDown UIInterfaceOrientationLandscapeLeft UIInterfaceOrientationLandscapeRight";
				INFOPLIST_KEY_UISupportedInterfaceOrientations_iPhone = "UIInterfaceOrientationPortrait UIInterfaceOrientationLandscapeLeft UIInterfaceOrientationLandscapeRight";
				LD_RUNPATH_SEARCH_PATHS = (
					"$(inherited)",
					"@executable_path/Frameworks",
				);
				MARKETING_VERSION = 1.0;
				PRODUCT_BUNDLE_IDENTIFIER = com.46Apples.CoolblueAssignment;
				PRODUCT_NAME = "$(TARGET_NAME)";
				SWIFT_EMIT_LOC_STRINGS = YES;
				SWIFT_VERSION = 5.0;
				TARGETED_DEVICE_FAMILY = "1,2";
			};
			name = Debug;
		};
		B064D8632E309E36006373A1 /* Release */ = {
			isa = XCBuildConfiguration;
			buildSettings = {
				ASSETCATALOG_COMPILER_APPICON_NAME = AppIcon;
				ASSETCATALOG_COMPILER_GLOBAL_ACCENT_COLOR_NAME = AccentColor;
				CODE_SIGN_STYLE = Automatic;
				CURRENT_PROJECT_VERSION = 1;
				ENABLE_PREVIEWS = YES;
				GENERATE_INFOPLIST_FILE = YES;
				INFOPLIST_KEY_UIApplicationSceneManifest_Generation = YES;
				INFOPLIST_KEY_UIApplicationSupportsIndirectInputEvents = YES;
				INFOPLIST_KEY_UILaunchScreen_Generation = YES;
				INFOPLIST_KEY_UISupportedInterfaceOrientations_iPad = "UIInterfaceOrientationPortrait UIInterfaceOrientationPortraitUpsideDown UIInterfaceOrientationLandscapeLeft UIInterfaceOrientationLandscapeRight";
				INFOPLIST_KEY_UISupportedInterfaceOrientations_iPhone = "UIInterfaceOrientationPortrait UIInterfaceOrientationLandscapeLeft UIInterfaceOrientationLandscapeRight";
				LD_RUNPATH_SEARCH_PATHS = (
					"$(inherited)",
					"@executable_path/Frameworks",
				);
				MARKETING_VERSION = 1.0;
				PRODUCT_BUNDLE_IDENTIFIER = com.46Apples.CoolblueAssignment;
				PRODUCT_NAME = "$(TARGET_NAME)";
				SWIFT_EMIT_LOC_STRINGS = YES;
				SWIFT_VERSION = 5.0;
				TARGETED_DEVICE_FAMILY = "1,2";
			};
			name = Release;
		};
		B064D8812E30A464006373A1 /* Debug */ = {
			isa = XCBuildConfiguration;
			buildSettings = {
				BUNDLE_LOADER = "$(TEST_HOST)";
				CODE_SIGN_STYLE = Automatic;
				CURRENT_PROJECT_VERSION = 1;
				GENERATE_INFOPLIST_FILE = YES;
				MARKETING_VERSION = 1.0;
				PRODUCT_BUNDLE_IDENTIFIER = com.46Apples.CoolblueAssignmentTests;
				PRODUCT_NAME = "$(TARGET_NAME)";
				SWIFT_EMIT_LOC_STRINGS = NO;
				SWIFT_STRICT_CONCURRENCY = complete;
				SWIFT_VERSION = 5.0;
				TARGETED_DEVICE_FAMILY = "1,2";
				TEST_HOST = "$(BUILT_PRODUCTS_DIR)/CoolblueAssignment.app/$(BUNDLE_EXECUTABLE_FOLDER_PATH)/CoolblueAssignment";
			};
			name = Debug;
		};
		B064D8822E30A464006373A1 /* Release */ = {
			isa = XCBuildConfiguration;
			buildSettings = {
				BUNDLE_LOADER = "$(TEST_HOST)";
				CODE_SIGN_STYLE = Automatic;
				CURRENT_PROJECT_VERSION = 1;
				GENERATE_INFOPLIST_FILE = YES;
				MARKETING_VERSION = 1.0;
				PRODUCT_BUNDLE_IDENTIFIER = com.46Apples.CoolblueAssignmentTests;
				PRODUCT_NAME = "$(TARGET_NAME)";
				SWIFT_EMIT_LOC_STRINGS = NO;
				SWIFT_STRICT_CONCURRENCY = complete;
				SWIFT_VERSION = 5.0;
				TARGETED_DEVICE_FAMILY = "1,2";
				TEST_HOST = "$(BUILT_PRODUCTS_DIR)/CoolblueAssignment.app/$(BUNDLE_EXECUTABLE_FOLDER_PATH)/CoolblueAssignment";
			};
			name = Release;
		};
		B064D9152E32593F006373A1 /* Debug */ = {
			isa = XCBuildConfiguration;
			buildSettings = {
				CODE_SIGN_STYLE = Automatic;
				CURRENT_PROJECT_VERSION = 1;
				GENERATE_INFOPLIST_FILE = YES;
				MARKETING_VERSION = 1.0;
				PRODUCT_BUNDLE_IDENTIFIER = com.46Apples.CoolblueAssignmentUITests;
				PRODUCT_NAME = "$(TARGET_NAME)";
				SWIFT_EMIT_LOC_STRINGS = NO;
				SWIFT_VERSION = 5.0;
				TARGETED_DEVICE_FAMILY = "1,2";
				TEST_TARGET_NAME = CoolblueAssignment;
			};
			name = Debug;
		};
		B064D9162E32593F006373A1 /* Release */ = {
			isa = XCBuildConfiguration;
			buildSettings = {
				CODE_SIGN_STYLE = Automatic;
				CURRENT_PROJECT_VERSION = 1;
				GENERATE_INFOPLIST_FILE = YES;
				MARKETING_VERSION = 1.0;
				PRODUCT_BUNDLE_IDENTIFIER = com.46Apples.CoolblueAssignmentUITests;
				PRODUCT_NAME = "$(TARGET_NAME)";
				SWIFT_EMIT_LOC_STRINGS = NO;
				SWIFT_VERSION = 5.0;
				TARGETED_DEVICE_FAMILY = "1,2";
				TEST_TARGET_NAME = CoolblueAssignment;
			};
			name = Release;
		};
/* End XCBuildConfiguration section */

/* Begin XCConfigurationList section */
		B064D8512E309E34006373A1 /* Build configuration list for PBXProject "CoolblueAssignment" */ = {
			isa = XCConfigurationList;
			buildConfigurations = (
				B064D85F2E309E36006373A1 /* Debug */,
				B064D8602E309E36006373A1 /* Release */,
			);
			defaultConfigurationIsVisible = 0;
			defaultConfigurationName = Release;
		};
		B064D8612E309E36006373A1 /* Build configuration list for PBXNativeTarget "CoolblueAssignment" */ = {
			isa = XCConfigurationList;
			buildConfigurations = (
				B064D8622E309E36006373A1 /* Debug */,
				B064D8632E309E36006373A1 /* Release */,
			);
			defaultConfigurationIsVisible = 0;
			defaultConfigurationName = Release;
		};
		B064D8802E30A464006373A1 /* Build configuration list for PBXNativeTarget "CoolblueAssignmentTests" */ = {
			isa = XCConfigurationList;
			buildConfigurations = (
				B064D8812E30A464006373A1 /* Debug */,
				B064D8822E30A464006373A1 /* Release */,
			);
			defaultConfigurationIsVisible = 0;
			defaultConfigurationName = Release;
		};
		B064D9142E32593F006373A1 /* Build configuration list for PBXNativeTarget "CoolblueAssignmentUITests" */ = {
			isa = XCConfigurationList;
			buildConfigurations = (
				B064D9152E32593F006373A1 /* Debug */,
				B064D9162E32593F006373A1 /* Release */,
			);
			defaultConfigurationIsVisible = 0;
			defaultConfigurationName = Release;
		};
/* End XCConfigurationList section */

/* Begin XCRemoteSwiftPackageReference section */
		B064D8732E30A402006373A1 /* XCRemoteSwiftPackageReference "Swinject" */ = {
			isa = XCRemoteSwiftPackageReference;
			repositoryURL = "https://github.com/Swinject/Swinject.git";
			requirement = {
				kind = upToNextMajorVersion;
				minimumVersion = 2.9.1;
			};
		};
/* End XCRemoteSwiftPackageReference section */

/* Begin XCSwiftPackageProductDependency section */
		B064D8742E30A402006373A1 /* Swinject */ = {
			isa = XCSwiftPackageProductDependency;
			package = B064D8732E30A402006373A1 /* XCRemoteSwiftPackageReference "Swinject" */;
			productName = Swinject;
		};
/* End XCSwiftPackageProductDependency section */
	};
	rootObject = B064D84E2E309E34006373A1 /* Project object */;
}
